
Microsoft Visual Studio Solution File, Format Version 12.00
# Visual Studio Version 16
VisualStudioVersion = 16.0.808.1
MinimumVisualStudioVersion = 10.0.40219.1
Project("{FAE04EC0-301F-11D3-BF4B-00C04F79EFBC}") = "NetCoreBestPractices.API", "NetCoreBestPractices.API\NetCoreBestPractices.API.csproj", "{0566ADE9-EF51-4B99-923B-80136F2124AB}"
EndProject
Global
	GlobalSection(SolutionConfigurationPlatforms) = preSolution
		Debug|Any CPU = Debug|Any CPU
		Release|Any CPU = Release|Any CPU
	EndGlobalSection
	GlobalSection(ProjectConfigurationPlatforms) = postSolution
		{0566ADE9-EF51-4B99-923B-80136F2124AB}.Debug|Any CPU.ActiveCfg = Debug|Any CPU
		{0566ADE9-EF51-4B99-923B-80136F2124AB}.Debug|Any CPU.Build.0 = Debug|Any CPU
		{0566ADE9-EF51-4B99-923B-80136F2124AB}.Release|Any CPU.ActiveCfg = Release|Any CPU
		{0566ADE9-EF51-4B99-923B-80136F2124AB}.Release|Any CPU.Build.0 = Release|Any CPU
	EndGlobalSection
	GlobalSection(SolutionProperties) = preSolution
		HideSolutionNode = FALSE
	EndGlobalSection
	GlobalSection(ExtensibilityGlobals) = postSolution
		SolutionGuid = {C7A7F99F-022A-4445-B376-5260AB4CC249}
	EndGlobalSection
EndGlobal
