
Microsoft Visual Studio Solution File, Format Version 12.00
# Visual Studio Version 16
VisualStudioVersion = 16.0.808.1
MinimumVisualStudioVersion = 10.0.40219.1
Project("{FAE04EC0-301F-11D3-BF4B-00C04F79EFBC}") = "NetCoreBestPractices.API", "NetCoreBestPractices.API\NetCoreBestPractices.API.csproj", "{CF896593-30A3-4A24-A8F5-18045C8DC11A}"
EndProject
Global
	GlobalSection(SolutionConfigurationPlatforms) = preSolution
		Debug|Any CPU = Debug|Any CPU
		Release|Any CPU = Release|Any CPU
	EndGlobalSection
	GlobalSection(ProjectConfigurationPlatforms) = postSolution
		{CF896593-30A3-4A24-A8F5-18045C8DC11A}.Debug|Any CPU.ActiveCfg = Debug|Any CPU
		{CF896593-30A3-4A24-A8F5-18045C8DC11A}.Debug|Any CPU.Build.0 = Debug|Any CPU
		{CF896593-30A3-4A24-A8F5-18045C8DC11A}.Release|Any CPU.ActiveCfg = Release|Any CPU
		{CF896593-30A3-4A24-A8F5-18045C8DC11A}.Release|Any CPU.Build.0 = Release|Any CPU
	EndGlobalSection
	GlobalSection(SolutionProperties) = preSolution
		HideSolutionNode = FALSE
	EndGlobalSection
	GlobalSection(ExtensibilityGlobals) = postSolution
		SolutionGuid = {4046404A-1A68-46EA-B795-2B5EB19498D6}
	EndGlobalSection
EndGlobal
